
Microsoft Visual Studio Solution File, Format Version 12.00
# Visual Studio Version 17
VisualStudioVersion = 17.7.34031.279
MinimumVisualStudioVersion = 10.0.40219.1
Project("{FAE04EC0-301F-11D3-BF4B-00C04F79EFBC}") = "SteamGameStore", "SteamGameStore\SteamGameStore.csproj", "{0265D90B-01E6-400A-A539-495A86002052}"
EndProject
Global
	GlobalSection(SolutionConfigurationPlatforms) = preSolution
		Debug|Any CPU = Debug|Any CPU
		Release|Any CPU = Release|Any CPU
	EndGlobalSection
	GlobalSection(ProjectConfigurationPlatforms) = postSolution
		{0265D90B-01E6-400A-A539-495A86002052}.Debug|Any CPU.ActiveCfg = Debug|Any CPU
		{0265D90B-01E6-400A-A539-495A86002052}.Debug|Any CPU.Build.0 = Debug|Any CPU
		{0265D90B-01E6-400A-A539-495A86002052}.Release|Any CPU.ActiveCfg = Release|Any CPU
		{0265D90B-01E6-400A-A539-495A86002052}.Release|Any CPU.Build.0 = Release|Any CPU
	EndGlobalSection
	GlobalSection(SolutionProperties) = preSolution
		HideSolutionNode = FALSE
	EndGlobalSection
	GlobalSection(ExtensibilityGlobals) = postSolution
		SolutionGuid = {D2F6DA92-079C-40BE-ADFD-7E84EC197AF4}
	EndGlobalSection
EndGlobal
